
Microsoft Visual Studio Solution File, Format Version 12.00
# Visual Studio Version 17
VisualStudioVersion = 17.4.33103.184
MinimumVisualStudioVersion = 10.0.40219.1
Project("{FAE04EC0-301F-11D3-BF4B-00C04F79EFBC}") = "BRMDataManager", "BRMDataManager\BRMDataManager.csproj", "{53C7BBD6-1041-41C4-8753-9ED329CEFB2D}"
EndProject
Project("{00D1A9C2-B5F0-4AF3-8072-F6C62B433612}") = "BRMData", "BRMData\BRMData.sqlproj", "{DA5F04AB-51F5-4BBB-A6BE-865EEBDDCF08}"
EndProject
Project("{FAE04EC0-301F-11D3-BF4B-00C04F79EFBC}") = "BRMDesktopUI", "BRMDesktopUI\BRMDesktopUI.csproj", "{01C4B497-D5F7-4D5B-B824-CF2F0E60F07F}"
EndProject
Project("{FAE04EC0-301F-11D3-BF4B-00C04F79EFBC}") = "BRMDataManager.Library", "BRMDataManager.Library\BRMDataManager.Library.csproj", "{51BFE57E-35F5-4FB4-9B3B-85902F4444BC}"
EndProject
Global
	GlobalSection(SolutionConfigurationPlatforms) = preSolution
		Debug|Any CPU = Debug|Any CPU
		Release|Any CPU = Release|Any CPU
	EndGlobalSection
	GlobalSection(ProjectConfigurationPlatforms) = postSolution
		{53C7BBD6-1041-41C4-8753-9ED329CEFB2D}.Debug|Any CPU.ActiveCfg = Debug|Any CPU
		{53C7BBD6-1041-41C4-8753-9ED329CEFB2D}.Debug|Any CPU.Build.0 = Debug|Any CPU
		{53C7BBD6-1041-41C4-8753-9ED329CEFB2D}.Release|Any CPU.ActiveCfg = Release|Any CPU
		{53C7BBD6-1041-41C4-8753-9ED329CEFB2D}.Release|Any CPU.Build.0 = Release|Any CPU
		{DA5F04AB-51F5-4BBB-A6BE-865EEBDDCF08}.Debug|Any CPU.ActiveCfg = Debug|Any CPU
		{DA5F04AB-51F5-4BBB-A6BE-865EEBDDCF08}.Debug|Any CPU.Build.0 = Debug|Any CPU
		{DA5F04AB-51F5-4BBB-A6BE-865EEBDDCF08}.Debug|Any CPU.Deploy.0 = Debug|Any CPU
		{DA5F04AB-51F5-4BBB-A6BE-865EEBDDCF08}.Release|Any CPU.ActiveCfg = Release|Any CPU
		{DA5F04AB-51F5-4BBB-A6BE-865EEBDDCF08}.Release|Any CPU.Build.0 = Release|Any CPU
		{DA5F04AB-51F5-4BBB-A6BE-865EEBDDCF08}.Release|Any CPU.Deploy.0 = Release|Any CPU
		{01C4B497-D5F7-4D5B-B824-CF2F0E60F07F}.Debug|Any CPU.ActiveCfg = Debug|Any CPU
		{01C4B497-D5F7-4D5B-B824-CF2F0E60F07F}.Debug|Any CPU.Build.0 = Debug|Any CPU
		{01C4B497-D5F7-4D5B-B824-CF2F0E60F07F}.Release|Any CPU.ActiveCfg = Release|Any CPU
		{01C4B497-D5F7-4D5B-B824-CF2F0E60F07F}.Release|Any CPU.Build.0 = Release|Any CPU
		{51BFE57E-35F5-4FB4-9B3B-85902F4444BC}.Debug|Any CPU.ActiveCfg = Debug|Any CPU
		{51BFE57E-35F5-4FB4-9B3B-85902F4444BC}.Debug|Any CPU.Build.0 = Debug|Any CPU
		{51BFE57E-35F5-4FB4-9B3B-85902F4444BC}.Release|Any CPU.ActiveCfg = Release|Any CPU
		{51BFE57E-35F5-4FB4-9B3B-85902F4444BC}.Release|Any CPU.Build.0 = Release|Any CPU
	EndGlobalSection
	GlobalSection(SolutionProperties) = preSolution
		HideSolutionNode = FALSE
	EndGlobalSection
	GlobalSection(ExtensibilityGlobals) = postSolution
		SolutionGuid = {F3B89EE5-2603-432A-90A2-AA0AB85E94A5}
	EndGlobalSection
EndGlobal
